# This file was autogenerated by Stack.
# You should not edit this file by hand.
# For more information, please see the documentation at:
#   https://docs.haskellstack.org/en/stable/topics/lock_files

packages:
- completed:
    commit: 406ee7dafcca75de8c4b669a42ef231fba0f3d84
    git: git@github.com:dromonaco/hasktorch.git
    name: hasktorch
    pantry-tree:
      sha256: 2a2cff981ee7ca69836fab67de35200ee9b5c98d77e0ad9f2efa08cf493d878a
      size: 8605
    subdir: hasktorch
    version: 0.2.1.7
  original:
    commit: 406ee7dafcca75de8c4b669a42ef231fba0f3d84
    git: git@github.com:dromonaco/hasktorch.git
    subdir: hasktorch
- completed:
    commit: 406ee7dafcca75de8c4b669a42ef231fba0f3d84
    git: git@github.com:dromonaco/hasktorch.git
    name: libtorch-ffi
    pantry-tree:
      sha256: 6c872ce0679ffd0462557b2a4244e1ace5fbeca9328e78a86b3c9fcba47d1219
      size: 9904
    subdir: libtorch-ffi
    version: 2.0.1.9
  original:
    commit: 406ee7dafcca75de8c4b669a42ef231fba0f3d84
    git: git@github.com:dromonaco/hasktorch.git
    subdir: libtorch-ffi
- completed:
    commit: 406ee7dafcca75de8c4b669a42ef231fba0f3d84
    git: git@github.com:dromonaco/hasktorch.git
    name: libtorch-ffi-helper
    pantry-tree:
      sha256: 432ed58eb96357f575c7a8f14d5733569e9b550f54ce15033d489a26bc2d5cd1
      size: 214
    subdir: libtorch-ffi-helper
    version: 2.0.0.2
  original:
    commit: 406ee7dafcca75de8c4b669a42ef231fba0f3d84
    git: git@github.com:dromonaco/hasktorch.git
    subdir: libtorch-ffi-helper
snapshots:
- completed:
    sha256: 238fa745b64f91184f9aa518fe04bdde6552533d169b0da5256670df83a0f1a9
    size: 721141
    url: https://raw.githubusercontent.com/commercialhaskell/stackage-snapshots/master/lts/22/44.yaml
  original: lts-22.44
